
Microsoft Visual Studio Solution File, Format Version 12.00
# Visual Studio 15
VisualStudioVersion = 15.0.27703.2042
MinimumVisualStudioVersion = 10.0.40219.1
Project("{9A19103F-16F7-4668-BE54-9A1E7A4F7556}") = "ActionRetry", "ActionRetry\ActionRetry.csproj", "{7096DB5C-B6F4-48FB-8C5F-A5E310B11884}"
EndProject
Project("{9A19103F-16F7-4668-BE54-9A1E7A4F7556}") = "ActionRetryTest", "ActionRetryTest\ActionRetryTest.csproj", "{250C497E-17C8-4699-BDF2-00BB4307EF7D}"
	ProjectSection(ProjectDependencies) = postProject
		{7096DB5C-B6F4-48FB-8C5F-A5E310B11884} = {7096DB5C-B6F4-48FB-8C5F-A5E310B11884}
	EndProjectSection
EndProject
Project("{FAE04EC0-301F-11D3-BF4B-00C04F79EFBC}") = "SampleUsage", "SampleUsage\SampleUsage.csproj", "{F5A69CF9-7B32-4087-9D2A-297022B577A9}"
	ProjectSection(ProjectDependencies) = postProject
		{7096DB5C-B6F4-48FB-8C5F-A5E310B11884} = {7096DB5C-B6F4-48FB-8C5F-A5E310B11884}
	EndProjectSection
EndProject
Global
	GlobalSection(SolutionConfigurationPlatforms) = preSolution
		Debug|Any CPU = Debug|Any CPU
		Release|Any CPU = Release|Any CPU
	EndGlobalSection
	GlobalSection(ProjectConfigurationPlatforms) = postSolution
		{7096DB5C-B6F4-48FB-8C5F-A5E310B11884}.Debug|Any CPU.ActiveCfg = Debug|Any CPU
		{7096DB5C-B6F4-48FB-8C5F-A5E310B11884}.Debug|Any CPU.Build.0 = Debug|Any CPU
		{7096DB5C-B6F4-48FB-8C5F-A5E310B11884}.Release|Any CPU.ActiveCfg = Release|Any CPU
		{7096DB5C-B6F4-48FB-8C5F-A5E310B11884}.Release|Any CPU.Build.0 = Release|Any CPU
		{250C497E-17C8-4699-BDF2-00BB4307EF7D}.Debug|Any CPU.ActiveCfg = Debug|Any CPU
		{250C497E-17C8-4699-BDF2-00BB4307EF7D}.Debug|Any CPU.Build.0 = Debug|Any CPU
		{250C497E-17C8-4699-BDF2-00BB4307EF7D}.Release|Any CPU.ActiveCfg = Release|Any CPU
		{250C497E-17C8-4699-BDF2-00BB4307EF7D}.Release|Any CPU.Build.0 = Release|Any CPU
		{F5A69CF9-7B32-4087-9D2A-297022B577A9}.Debug|Any CPU.ActiveCfg = Debug|Any CPU
		{F5A69CF9-7B32-4087-9D2A-297022B577A9}.Debug|Any CPU.Build.0 = Debug|Any CPU
		{F5A69CF9-7B32-4087-9D2A-297022B577A9}.Release|Any CPU.ActiveCfg = Release|Any CPU
		{F5A69CF9-7B32-4087-9D2A-297022B577A9}.Release|Any CPU.Build.0 = Release|Any CPU
	EndGlobalSection
	GlobalSection(SolutionProperties) = preSolution
		HideSolutionNode = FALSE
	EndGlobalSection
	GlobalSection(ExtensibilityGlobals) = postSolution
		SolutionGuid = {725E7DD6-824C-4C3B-B730-B35FBAAA06CB}
	EndGlobalSection
EndGlobal
